
Microsoft Visual Studio Solution File, Format Version 12.00
# Visual Studio 15
VisualStudioVersion = 15.0.28307.489
MinimumVisualStudioVersion = 10.0.40219.1
Project("{FAE04EC0-301F-11D3-BF4B-00C04F79EFBC}") = "Interface", "Interface.csproj", "{1EAB13FB-E1C3-40D9-8004-F536C10D317E}"
EndProject
Global
	GlobalSection(SolutionConfigurationPlatforms) = preSolution
		Debug|Any CPU = Debug|Any CPU
		Release|Any CPU = Release|Any CPU
	EndGlobalSection
	GlobalSection(ProjectConfigurationPlatforms) = postSolution
		{1EAB13FB-E1C3-40D9-8004-F536C10D317E}.Debug|Any CPU.ActiveCfg = Debug|Any CPU
		{1EAB13FB-E1C3-40D9-8004-F536C10D317E}.Debug|Any CPU.Build.0 = Debug|Any CPU
		{1EAB13FB-E1C3-40D9-8004-F536C10D317E}.Release|Any CPU.ActiveCfg = Release|Any CPU
		{1EAB13FB-E1C3-40D9-8004-F536C10D317E}.Release|Any CPU.Build.0 = Release|Any CPU
	EndGlobalSection
	GlobalSection(SolutionProperties) = preSolution
		HideSolutionNode = FALSE
	EndGlobalSection
	GlobalSection(ExtensibilityGlobals) = postSolution
		SolutionGuid = {3200EA28-085F-408B-A4EB-87D66299F890}
	EndGlobalSection
EndGlobal
